
Microsoft Visual Studio Solution File, Format Version 12.00
# Visual Studio Version 17
VisualStudioVersion = 17.2.32516.85
MinimumVisualStudioVersion = 10.0.40219.1
Project("{9A19103F-16F7-4668-BE54-9A1E7A4F7556}") = "MeetupManager", "MeetupManager\MeetupManager.csproj", "{A1A0C522-987B-45D6-BDD0-2BC005680E5D}"
EndProject
Project("{9A19103F-16F7-4668-BE54-9A1E7A4F7556}") = "MeetupManager.Core", "MeetupManager.Core\MeetupManager.Core.csproj", "{B8717DBD-CBBD-4041-BE8F-B117CFF709E6}"
EndProject
Project("{2150E333-8FDC-42A3-9474-1A3956D46DE8}") = "dotvvm", "dotvvm", "{0BABDAF2-0507-423D-9914-E1E0F8220006}"
EndProject
Project("{9A19103F-16F7-4668-BE54-9A1E7A4F7556}") = "DotVVM.Framework.Hosting.AspNetCore", "..\dotvvm\src\Framework\Hosting.AspNetCore\DotVVM.Framework.Hosting.AspNetCore.csproj", "{B341754E-0EA6-46E3-AA1A-616B26866924}"
EndProject
Project("{9A19103F-16F7-4668-BE54-9A1E7A4F7556}") = "DotVVM.Framework", "..\dotvvm\src\Framework\Framework\DotVVM.Framework.csproj", "{C04C2A0A-A3D9-418B-8702-415BEEA104EA}"
EndProject
Project("{9A19103F-16F7-4668-BE54-9A1E7A4F7556}") = "DotVVM.Core", "..\dotvvm\src\Framework\Core\DotVVM.Core.csproj", "{0C32F4C1-CC4C-4CEA-A932-D433FE688FE4}"
EndProject
Project("{9A19103F-16F7-4668-BE54-9A1E7A4F7556}") = "DotVVM.AutoUI.Annotations", "..\dotvvm\src\AutoUI\Annotations\DotVVM.AutoUI.Annotations.csproj", "{7A837A6C-8A01-4A85-AE1F-091DCA010BBE}"
EndProject
Project("{9A19103F-16F7-4668-BE54-9A1E7A4F7556}") = "DotVVM.AutoUI", "..\dotvvm\src\AutoUI\Core\DotVVM.AutoUI.csproj", "{A59156BF-24B7-446F-81B1-21A928F09AB9}"
EndProject
Project("{9A19103F-16F7-4668-BE54-9A1E7A4F7556}") = "DotVVM.HotReload.AspNetCore", "..\dotvvm\src\Tools\HotReload\AspNetCore\DotVVM.HotReload.AspNetCore.csproj", "{16E6B3E7-77DE-4EDF-8FE6-B251D3BFE759}"
EndProject
Project("{9A19103F-16F7-4668-BE54-9A1E7A4F7556}") = "DotVVM.HotReload", "..\dotvvm\src\Tools\HotReload\Common\DotVVM.HotReload.csproj", "{18682BA0-FC85-4EF0-88D1-E99C52F4D316}"
EndProject
Project("{9A19103F-16F7-4668-BE54-9A1E7A4F7556}") = "DotVVM.Analyzers", "..\dotvvm\src\Analyzers\Analyzers\DotVVM.Analyzers.csproj", "{9438C905-787B-489F-BC96-951FF849FD1A}"
EndProject
Project("{9A19103F-16F7-4668-BE54-9A1E7A4F7556}") = "DotVVM.Analyzers.CodeFixes", "..\dotvvm\src\Analyzers\Analyzers.CodeFixes\DotVVM.Analyzers.CodeFixes.csproj", "{473CDFBC-16CC-4605-9328-E6C2B831476A}"
EndProject
Project("{9A19103F-16F7-4668-BE54-9A1E7A4F7556}") = "DotVVM.Analyzers.Package", "..\dotvvm\src\Analyzers\Analyzers.Package\DotVVM.Analyzers.Package.csproj", "{25D2215F-38D9-4AED-AB85-749FD79327FB}"
EndProject
Global
	GlobalSection(SolutionConfigurationPlatforms) = preSolution
		Debug|Any CPU = Debug|Any CPU
		Release|Any CPU = Release|Any CPU
	EndGlobalSection
	GlobalSection(ProjectConfigurationPlatforms) = postSolution
		{A1A0C522-987B-45D6-BDD0-2BC005680E5D}.Debug|Any CPU.ActiveCfg = Debug|Any CPU
		{A1A0C522-987B-45D6-BDD0-2BC005680E5D}.Debug|Any CPU.Build.0 = Debug|Any CPU
		{A1A0C522-987B-45D6-BDD0-2BC005680E5D}.Release|Any CPU.ActiveCfg = Release|Any CPU
		{A1A0C522-987B-45D6-BDD0-2BC005680E5D}.Release|Any CPU.Build.0 = Release|Any CPU
		{B8717DBD-CBBD-4041-BE8F-B117CFF709E6}.Debug|Any CPU.ActiveCfg = Debug|Any CPU
		{B8717DBD-CBBD-4041-BE8F-B117CFF709E6}.Debug|Any CPU.Build.0 = Debug|Any CPU
		{B8717DBD-CBBD-4041-BE8F-B117CFF709E6}.Release|Any CPU.ActiveCfg = Release|Any CPU
		{B8717DBD-CBBD-4041-BE8F-B117CFF709E6}.Release|Any CPU.Build.0 = Release|Any CPU
		{B341754E-0EA6-46E3-AA1A-616B26866924}.Debug|Any CPU.ActiveCfg = Debug|Any CPU
		{B341754E-0EA6-46E3-AA1A-616B26866924}.Debug|Any CPU.Build.0 = Debug|Any CPU
		{B341754E-0EA6-46E3-AA1A-616B26866924}.Release|Any CPU.ActiveCfg = Release|Any CPU
		{B341754E-0EA6-46E3-AA1A-616B26866924}.Release|Any CPU.Build.0 = Release|Any CPU
		{C04C2A0A-A3D9-418B-8702-415BEEA104EA}.Debug|Any CPU.ActiveCfg = Debug|Any CPU
		{C04C2A0A-A3D9-418B-8702-415BEEA104EA}.Debug|Any CPU.Build.0 = Debug|Any CPU
		{C04C2A0A-A3D9-418B-8702-415BEEA104EA}.Release|Any CPU.ActiveCfg = Release|Any CPU
		{C04C2A0A-A3D9-418B-8702-415BEEA104EA}.Release|Any CPU.Build.0 = Release|Any CPU
		{0C32F4C1-CC4C-4CEA-A932-D433FE688FE4}.Debug|Any CPU.ActiveCfg = Debug|Any CPU
		{0C32F4C1-CC4C-4CEA-A932-D433FE688FE4}.Debug|Any CPU.Build.0 = Debug|Any CPU
		{0C32F4C1-CC4C-4CEA-A932-D433FE688FE4}.Release|Any CPU.ActiveCfg = Release|Any CPU
		{0C32F4C1-CC4C-4CEA-A932-D433FE688FE4}.Release|Any CPU.Build.0 = Release|Any CPU
		{7A837A6C-8A01-4A85-AE1F-091DCA010BBE}.Debug|Any CPU.ActiveCfg = Debug|Any CPU
		{7A837A6C-8A01-4A85-AE1F-091DCA010BBE}.Debug|Any CPU.Build.0 = Debug|Any CPU
		{7A837A6C-8A01-4A85-AE1F-091DCA010BBE}.Release|Any CPU.ActiveCfg = Release|Any CPU
		{7A837A6C-8A01-4A85-AE1F-091DCA010BBE}.Release|Any CPU.Build.0 = Release|Any CPU
		{A59156BF-24B7-446F-81B1-21A928F09AB9}.Debug|Any CPU.ActiveCfg = Debug|Any CPU
		{A59156BF-24B7-446F-81B1-21A928F09AB9}.Debug|Any CPU.Build.0 = Debug|Any CPU
		{A59156BF-24B7-446F-81B1-21A928F09AB9}.Release|Any CPU.ActiveCfg = Release|Any CPU
		{A59156BF-24B7-446F-81B1-21A928F09AB9}.Release|Any CPU.Build.0 = Release|Any CPU
		{16E6B3E7-77DE-4EDF-8FE6-B251D3BFE759}.Debug|Any CPU.ActiveCfg = Debug|Any CPU
		{16E6B3E7-77DE-4EDF-8FE6-B251D3BFE759}.Debug|Any CPU.Build.0 = Debug|Any CPU
		{16E6B3E7-77DE-4EDF-8FE6-B251D3BFE759}.Release|Any CPU.ActiveCfg = Release|Any CPU
		{16E6B3E7-77DE-4EDF-8FE6-B251D3BFE759}.Release|Any CPU.Build.0 = Release|Any CPU
		{18682BA0-FC85-4EF0-88D1-E99C52F4D316}.Debug|Any CPU.ActiveCfg = Debug|Any CPU
		{18682BA0-FC85-4EF0-88D1-E99C52F4D316}.Debug|Any CPU.Build.0 = Debug|Any CPU
		{18682BA0-FC85-4EF0-88D1-E99C52F4D316}.Release|Any CPU.ActiveCfg = Release|Any CPU
		{18682BA0-FC85-4EF0-88D1-E99C52F4D316}.Release|Any CPU.Build.0 = Release|Any CPU
		{9438C905-787B-489F-BC96-951FF849FD1A}.Debug|Any CPU.ActiveCfg = Debug|Any CPU
		{9438C905-787B-489F-BC96-951FF849FD1A}.Debug|Any CPU.Build.0 = Debug|Any CPU
		{9438C905-787B-489F-BC96-951FF849FD1A}.Release|Any CPU.ActiveCfg = Release|Any CPU
		{9438C905-787B-489F-BC96-951FF849FD1A}.Release|Any CPU.Build.0 = Release|Any CPU
		{473CDFBC-16CC-4605-9328-E6C2B831476A}.Debug|Any CPU.ActiveCfg = Debug|Any CPU
		{473CDFBC-16CC-4605-9328-E6C2B831476A}.Debug|Any CPU.Build.0 = Debug|Any CPU
		{473CDFBC-16CC-4605-9328-E6C2B831476A}.Release|Any CPU.ActiveCfg = Release|Any CPU
		{473CDFBC-16CC-4605-9328-E6C2B831476A}.Release|Any CPU.Build.0 = Release|Any CPU
		{25D2215F-38D9-4AED-AB85-749FD79327FB}.Debug|Any CPU.ActiveCfg = Debug|Any CPU
		{25D2215F-38D9-4AED-AB85-749FD79327FB}.Debug|Any CPU.Build.0 = Debug|Any CPU
		{25D2215F-38D9-4AED-AB85-749FD79327FB}.Release|Any CPU.ActiveCfg = Release|Any CPU
		{25D2215F-38D9-4AED-AB85-749FD79327FB}.Release|Any CPU.Build.0 = Release|Any CPU
	EndGlobalSection
	GlobalSection(SolutionProperties) = preSolution
		HideSolutionNode = FALSE
	EndGlobalSection
	GlobalSection(NestedProjects) = preSolution
		{B341754E-0EA6-46E3-AA1A-616B26866924} = {0BABDAF2-0507-423D-9914-E1E0F8220006}
		{C04C2A0A-A3D9-418B-8702-415BEEA104EA} = {0BABDAF2-0507-423D-9914-E1E0F8220006}
		{0C32F4C1-CC4C-4CEA-A932-D433FE688FE4} = {0BABDAF2-0507-423D-9914-E1E0F8220006}
		{7A837A6C-8A01-4A85-AE1F-091DCA010BBE} = {0BABDAF2-0507-423D-9914-E1E0F8220006}
		{A59156BF-24B7-446F-81B1-21A928F09AB9} = {0BABDAF2-0507-423D-9914-E1E0F8220006}
		{16E6B3E7-77DE-4EDF-8FE6-B251D3BFE759} = {0BABDAF2-0507-423D-9914-E1E0F8220006}
		{18682BA0-FC85-4EF0-88D1-E99C52F4D316} = {0BABDAF2-0507-423D-9914-E1E0F8220006}
		{9438C905-787B-489F-BC96-951FF849FD1A} = {0BABDAF2-0507-423D-9914-E1E0F8220006}
		{473CDFBC-16CC-4605-9328-E6C2B831476A} = {0BABDAF2-0507-423D-9914-E1E0F8220006}
		{25D2215F-38D9-4AED-AB85-749FD79327FB} = {0BABDAF2-0507-423D-9914-E1E0F8220006}
	EndGlobalSection
	GlobalSection(ExtensibilityGlobals) = postSolution
		SolutionGuid = {DAD6C695-634F-4AF6-852F-3502E9C9F634}
	EndGlobalSection
EndGlobal
